github.com/anchore/go-lzo v0.1.1 h1:IwL/fvkdtlIrYIXck6WxZ3nb8WjjHziYYmGxlooyOnM=
github.com/anchore/go-lzo v0.1.1/go.mod h1:3kLx0bve2oN1iDwgM1U5zGku1Tfbdb0No5qp1eL1fIk=
github.com/andybalholm/brotli v1.2.2 h1:HzTuoo2ErYQqf5qvcJInB8uvqSVxRttzkFexPWtnceM=
github.com/andybalholm/brotli v1.2.2/go.mod h1:rzTDkvFWvIrjDXZHkuS16NPggd91W3kUSvPlQ1pLaKY=
github.com/bodgit/plumbing v1.3.0 h1:pf9Itz1JOQgn7vEOE7v7nlEfBykYqvUYioC61TwWCFU=
github.com/bodgit/plumbing v1.3.0/go.mod h1:JOTb4XiRu5xfnmdnDJo6GmSbSbtSyufrsyZFByMtKEs=
github.com/bodgit/sevenzip v1.6.5 h1:7H7BxgmeX0j6UX42lH+KXQ92WgMQJ49DoocFdfHbCng=
github.com/bodgit/sevenzip v1.6.5/go.mod h1:GhuB6Lq1xCpP1sps+horjZ8lgiKPJcy2zUX3prla9wc=
github.com/bodgit/windows v1.0.1 h1:tF7K6KOluPYygXa3Z2594zxlkbKPAOvqr97etrGNIz4=
github.com/bodgit/windows v1.0.1/go.mod h1:a6JLwrB4KrTR5hBpp8FI9/9W9jJfeQ2h4XDXU74ZCdM=
github.com/davecgh/go-spew v1.1.0/go.mod h1:J7Y8YcW2NihsgmVo/mv3lAwl/skON4iLHjSsI+c5H38=
github.com/davecgh/go-spew v1.1.1 h1:vj9j/u1bqnvCEfJOwUhtlOARqs3+rkHYY13jYWTU97c=
github.com/davecgh/go-spew v1.1.1/go.mod h1:J7Y8YcW2NihsgmVo/mv3lAwl/skON4iLHjSsI+c5H38=
github.com/go-compressions/adc v0.1.0 h1:+4W5XL0JbDAuuD3YcbAnMRtyQM35kK9pGAAzELe+tm4=
github.com/go-compressions/adc v0.1.0/go.mod h1:kPyMMlq7usBJh/vfGw8Z0cR852+dqZYYvBM6lpX4og0=
github.com/go-compressions/bzip2 v0.1.0 h1:vGcul2hWRBFSs8WC6i6obf+1ulhD6S7z3ZGsJ/rHvng=
github.com/go-compressions/bzip2 v0.1.0/go.mod h1:/WYR5YGF4U0NqCoSKB1sP8LXmdbUaHu6Nmcj+7OJMc8=
github.com/go-compressions/compress v0.1.1 h1:nLh9WI39CEbDxHR7WEwbiER3UckonbDZpR5EenonHwM=
github.com/go-compressions/compress v0.1.1/go.mod h1:cyMIUxmC8AdisCuFbd6IG18dLxEJWZStY2b0/6riR7w=
github.com/go-compressions/lzfse v0.3.0 h1:slxIjY9HeG2llJSoXTwTnQ+u/iKMbr2WHUwaNAl/2yI=
github.com/go-compressions/lzfse v0.3.0/go.mod h1:geg9IRFbMNHPgbm8xNwF3AnYTsldTX9YptJ0DOWzYv8=
github.com/go-compressions/lzip v0.1.0 h1:DUwIJ6JZ56ytVpr9fg0tt8mJHEtwpk/Nqr5lyNhAwi8=
github.com/go-compressions/lzip v0.1.0/go.mod h1:8KGh5mkx8fkBV/d0u0VAOpSmpS6i4e6nMPZRo0/Wnmw=
github.com/go-compressions/lzo v0.1.0 h1:dkNMtjz62twPNczJOq+sFcwLKbfKWfjRweR/3m2mdQA=
github.com/go-compressions/lzo v0.1.0/go.mod h1:DMqQnvosvWs/ez4icIL/N1hXoiQxKF0tdNqEzGu/Ajw=
github.com/go-diskimages/dmg v0.2.2 h1:jwlXV3SlUB/jV0S76c9X8Foy0K3onFcXYgTwCKwhHZI=
github.com/go-diskimages/dmg v0.2.2/go.mod h1:IV6Sk9El3DZgTOqwDoeSOPl0Vg8HJjpkqFnoh8861Xw=
github.com/go-filesystems/cab v0.1.0 h1:FCsQ8eKNt6ab9XkScwd5CLisdiuLlS74Q8RfR9VXb4Q=
github.com/go-filesystems/cab v0.1.0/go.mod h1:OTpWg9LUroZUk4XkTAiLaXFvsnwuLoYjqYVxVwmhQkU=
github.com/go-filesystems/detect v0.1.0 h1:DCiR5lLKFJ/kon8wKs1ueG1hX27wJaIHqym+Ai0Y/pU=
github.com/go-filesystems/detect v0.1.0/go.mod h1:OCGE1O8l2Z41PODXWkuJOin83ooqHWh439jSpOGWb/Q=
github.com/go-filesystems/hfsplus v0.3.0 h1:Pc7w0t6YCSQjnXvTOYuHlfrM2MU+3BAnIniQCkEb0eE=
github.com/go-filesystems/hfsplus v0.3.0/go.mod h1:DMXqQLSl8Nk3XhpV7pmlzCzwmBXTsrCLMH02CG6Q3mE=
github.com/go-filesystems/interface v0.3.0 h1:cV4+2mvW1eCPyde+KIDRaGuIPAcr2sDgKrxGuGQr98k=
github.com/go-filesystems/interface v0.3.0/go.mod h1:9MDfHNNKg9cW1qBa3hmURQj4jiWIdTo9Xpgdt8ZzvV8=
github.com/go-filesystems/iso9660 v0.3.0 h1:lmLiYg0z/SHC+4dGmvY3viYONErG+Gk60vYWutaMrqg=
github.com/go-filesystems/iso9660 v0.3.0/go.mod h1:hUDicCpSA98j0jv1DDMJo0H3fYOOe+i5+FfxOKlphjg=
github.com/go-filesystems/overlay v0.2.0 h1:3V+KYy5vAjccejZYQInRK0ObWPU9DffrykqTPlwaqo4=
github.com/go-filesystems/overlay v0.2.0/go.mod h1:mL3v/2AsvvOgFyezM9Sz/R6w0KTOmwakZwywa5n8sEg=
github.com/go-filesystems/rar v0.1.0 h1:SUPZqsRYSXs1Yi2GHQlBMmyYYYc4qlzWEWOjrJLMLGk=
github.com/go-filesystems/rar v0.1.0/go.mod h1:Ozc4vz2SRaO4Qj/Dd/bCRe+kr0gAtjE0UUFKH4XouTI=
github.com/go-filesystems/rpm v0.1.0 h1:jqJI3YvZidsNqr0PHTeto7MjeTDW8SGK4hiPD/sopw8=
github.com/go-filesystems/rpm v0.1.0/go.mod h1:fYzQFOp879d4C3z1w0ioXLwoShRvVQ7LHjnKaCfucFQ=
github.com/go-filesystems/sevenzip v0.2.0 h1:5KlIeORCagr8fPfacgJq8aDxbejpEpnkmOQACU5T820=
github.com/go-filesystems/sevenzip v0.2.0/go.mod h1:37FQxYhLAa+1AvilOcKz/2v/DZCXEg7Zi5gEJTaHXpI=
github.com/go-filesystems/squashfs v0.3.0 h1:4Mp88Zx3lVLX+CpIN84f28V8NRmyntv172GWBdKUb8w=
github.com/go-filesystems/squashfs v0.3.0/go.mod h1:76bG8dO6YwHATeOJWX7d+x7aFelTO+0zy6jNAIdc2UM=
github.com/go-filesystems/warc v0.1.0 h1:4v5TURucyo7AMRFmf2KRHn8aAS2HIRdahOj5FJ5gHU8=
github.com/go-filesystems/warc v0.1.0/go.mod h1:5ut/3FO6MwbdTpO/xOoQY37vvsumX5m5oOVpjbxTDEk=
github.com/go-filesystems/xar v0.1.0 h1:P45KjdCPJ32k004tGVGGlKVYAExXUOdjPjq+mNcMCT4=
github.com/go-filesystems/xar v0.1.0/go.mod h1:NYLV/DUd6cs17qdHF+lzhhecPnCaXxiuLXPIR9UnnKk=
github.com/go-volumes/safeio v0.0.0-20260831125406-d8f54b2890d4 h1:RKO58FmZvbvKh6wf+7Y8gohGJ0/2hq4N8L+x2kT9bak=
github.com/go-volumes/safeio v0.0.0-20260831125406-d8f54b2890d4/go.mod h1:QQdGwEUmPSdzD+OPq+ZcKso9ljssqgBXNk0/9z7moho=
github.com/hashicorp/golang-lru/v2 v2.0.7 h1:a+bsQ5rvGLjzHuww6tVxozPZFVghXaHOwFs4luLUK2k=
github.com/hashicorp/golang-lru/v2 v2.0.7/go.mod h1:QeFd9opnmA6QUJc5vARoKUSoFhyfM2/ZepoAG6RGpeM=
github.com/klauspost/compress v1.20.1 h1:T7kKElXUMXrUJ2E9QhQhxFtcK5rPyLdsGZvdbLMPdiQ=
github.com/klauspost/compress v1.20.1/go.mod h1:LUdAzn7YLVvxLpc7y3V1m40wESHTgc1422pwwBSKYuI=
github.com/nwaples/rardecode/v2 v2.4.1 h1:F7zNW2LdAuuBThHWXQaiFUGVD/sef299NfWSB1nHAl4=
github.com/nwaples/rardecode/v2 v2.4.1/go.mod h1:7uz379lSxPe6j9nvzxUZ+n7mnJNgjsRNb6IbvGVHRmw=
github.com/pierrec/lz4/v4 v4.1.30 h1:cchX8N2DVP668WkElI9QMwVyoNabLkq1LofDHFeIrdg=
github.com/pierrec/lz4/v4 v4.1.30/go.mod h1:EoQMVJgeeEOMsCqCzqFm2O0cJvljX2nGZjcRIPL34O4=
github.com/pmezard/go-difflib v1.0.0 h1:4DBwDE0NGyQoBHbLQYPwSUPoCMWR5BEzIk/f1lZbAQM=
github.com/pmezard/go-difflib v1.0.0/go.mod h1:iKH77koFhYxTK1pcRnkKkqfTogsbg7gZNVY4sRDYZ/4=
github.com/spf13/afero v1.15.0 h1:b/YBCLWAJdFWJTN9cLhiXXcD7mzKn9Dm86dNnfyQw1I=
github.com/spf13/afero v1.15.0/go.mod h1:NC2ByUVxtQs4b3sIUphxK0NioZnmxgyCrfzeuq8lxMg=
github.com/stangelandcl/ppmd v0.1.1 h1:c25QazhlWUn5nmR1QOzafKhQxBicAr7GGCKER2aJ8H8=
github.com/stangelandcl/ppmd v0.1.1/go.mod h1:Rrv7M+/2P5jYr/GMLhBl7Ug3uJ1bUiVzr5LbbaV6xgY=
github.com/stretchr/objx v0.1.0/go.mod h1:HFkY916IF+rwdDfMAkV7OtwuqBVzrE8GR6GFx+wExME=
github.com/stretchr/objx v0.4.0/go.mod h1:YvHI0jy2hoMjB+UWwv71VJQ9isScKT/TqJzVSSt89Yw=
github.com/stretchr/objx v0.5.0/go.mod h1:Yh+to48EsGEfYuaHDzXPcE3xhTkx73EhmCGUpEOglKo=
github.com/stretchr/objx v0.5.2 h1:xuMeJ0Sdp5ZMRXx/aWO6RZxdr3beISkG5/G/aIRr3pY=
github.com/stretchr/objx v0.5.2/go.mod h1:FRsXN1f5AsAjCGJKqEizvkpNtU+EGNCLh3NxZ/8L+MA=
github.com/stretchr/testify v1.7.1/go.mod h1:6Fq8oRcR53rry900zMqJjRRixrwX3KX962/h/Wwjteg=
github.com/stretchr/testify v1.8.0/go.mod h1:yNjHg4UonilssWZ8iaSj1OCr/vHnekPRkoO+kdMU+MU=
github.com/stretchr/testify v1.8.1/go.mod h1:w2LPCIKwWwSfY2zedu0+kehJoqGctiVI29o6fzry7u4=
github.com/stretchr/testify v1.11.1 h1:7s2iGBzp5EwR7/aIZr8ao5+dra3wiQyKjjFuvgVKu7U=
github.com/stretchr/testify v1.11.1/go.mod h1:wZwfW3scLgRK+23gO65QZefKpKQRnfz6sD981Nm4B6U=
github.com/ulikunitz/xz v0.5.17 h1:flR0y/x1hgM8EGV1AW3Xll6T413G0glV8UfBwR617V4=
github.com/ulikunitz/xz v0.5.17/go.mod h1:H9Rt/W6/Qj27PGauhQc6nfCDy7vHpzsOThBSaYDoEhw=
github.com/xyproto/randomstring v1.0.5 h1:YtlWPoRdgMu3NZtP45drfy1GKoojuR7hmRcnhZqKjWU=
github.com/xyproto/randomstring v1.0.5/go.mod h1:rgmS5DeNXLivK7YprL0pY+lTuhNQW3iGxZ18UQApw/E=
go4.org v0.0.0-20260112195520-a5071408f32f h1:ziUVAjmTPwQMBmYR1tbdRFJPtTcQUI12fH9QQjfb0Sw=
go4.org v0.0.0-20260112195520-a5071408f32f/go.mod h1:ZRJnO5ZI4zAwMFp+dS1+V6J6MSyAowhRqAE+DPa1Xp0=
golang.org/x/sync v0.22.0 h1:SZjpbeLmrCk4xhRSZFNZW5gFUeCeFgjekvI/+gfScek=
golang.org/x/sync v0.22.0/go.mod h1:9xrNwdLfx4jkKbNva9FpL6vEN7evnE43NNNJQ2LF3+0=
golang.org/x/text v0.40.0 h1:Ub2Z6/xjgF1WrYQz2nuITOEegKFtiIy+rieRJ5lHZKs=
golang.org/x/text v0.40.0/go.mod h1:hpnzDAfGV753zIKo+wk3u1bVKCGPbrnF7+7LBF/UHVY=
gopkg.in/check.v1 v0.0.0-20161208181325-20d25e280405/go.mod h1:Co6ibVJAznAaIkqp8huTwlJQCZ016jof/cbN4VW5Yz0=
gopkg.in/yaml.v3 v3.0.0-20200313102051-9f266ea9e77c/go.mod h1:K4uyk7z7BCEPqu6E+C64Yfv1cQ7kz7rIZviUmN+EgEM=
gopkg.in/yaml.v3 v3.0.1 h1:fxVm/GzAzEWqLHuvctI91KS9hhNmmWOoWu0XTYJS7CA=
gopkg.in/yaml.v3 v3.0.1/go.mod h1:K4uyk7z7BCEPqu6E+C64Yfv1cQ7kz7rIZviUmN+EgEM=
