github.com/go-filesystems/interface v0.3.0 h1:cV4+2mvW1eCPyde+KIDRaGuIPAcr2sDgKrxGuGQr98k=
github.com/go-filesystems/interface v0.3.0/go.mod h1:9MDfHNNKg9cW1qBa3hmURQj4jiWIdTo9Xpgdt8ZzvV8=
github.com/go-filesystems/rar v0.0.0-20260924203345-10aeb171a8fe h1:8Kdnm8gV7fhytXdGmwoBI7i1HqnvzT/1/FkTPBPqFFw=
github.com/go-filesystems/rar v0.0.0-20260924203345-10aeb171a8fe/go.mod h1:Ozc4vz2SRaO4Qj/Dd/bCRe+kr0gAtjE0UUFKH4XouTI=
github.com/nwaples/rardecode/v2 v2.4.1 h1:F7zNW2LdAuuBThHWXQaiFUGVD/sef299NfWSB1nHAl4=
github.com/nwaples/rardecode/v2 v2.4.1/go.mod h1:7uz379lSxPe6j9nvzxUZ+n7mnJNgjsRNb6IbvGVHRmw=
